
Microsoft Visual Studio Solution File, Format Version 12.00
# Visual Studio Version 16
VisualStudioVersion = 16.0.31005.135
MinimumVisualStudioVersion = 10.0.40219.1
Project("{8BC9CEB8-8B4A-11D0-8D11-00A0C91BC942}") = "mp2_2", "mp2_2\mp2_2.vcxproj", "{993436C1-3C52-4852-848E-6510D0AD3555}"
EndProject
Global
	GlobalSection(SolutionConfigurationPlatforms) = preSolution
		Debug|x64 = Debug|x64
		Debug|x86 = Debug|x86
		Release|x64 = Release|x64
		Release|x86 = Release|x86
	EndGlobalSection
	GlobalSection(ProjectConfigurationPlatforms) = postSolution
		{993436C1-3C52-4852-848E-6510D0AD3555}.Debug|x64.ActiveCfg = Debug|x64
		{993436C1-3C52-4852-848E-6510D0AD3555}.Debug|x64.Build.0 = Debug|x64
		{993436C1-3C52-4852-848E-6510D0AD3555}.Debug|x86.ActiveCfg = Debug|Win32
		{993436C1-3C52-4852-848E-6510D0AD3555}.Debug|x86.Build.0 = Debug|Win32
		{993436C1-3C52-4852-848E-6510D0AD3555}.Release|x64.ActiveCfg = Release|x64
		{993436C1-3C52-4852-848E-6510D0AD3555}.Release|x64.Build.0 = Release|x64
		{993436C1-3C52-4852-848E-6510D0AD3555}.Release|x86.ActiveCfg = Release|Win32
		{993436C1-3C52-4852-848E-6510D0AD3555}.Release|x86.Build.0 = Release|Win32
	EndGlobalSection
	GlobalSection(SolutionProperties) = preSolution
		HideSolutionNode = FALSE
	EndGlobalSection
	GlobalSection(ExtensibilityGlobals) = postSolution
		SolutionGuid = {8D057CF1-5403-4561-A757-2EBA08839756}
	EndGlobalSection
EndGlobal
