
Microsoft Visual Studio Solution File, Format Version 12.00
# Visual Studio Version 17
VisualStudioVersion = 17.1.32210.238
MinimumVisualStudioVersion = 10.0.40219.1
Project("{9A19103F-16F7-4668-BE54-9A1E7A4F7556}") = "laba_2", "SEm2_LABA_2oop\laba_2.csproj", "{FC577E6A-E5A2-4CEF-937E-3E6B6A3CDB54}"
EndProject
Global
	GlobalSection(SolutionConfigurationPlatforms) = preSolution
		Debug|Any CPU = Debug|Any CPU
		Release|Any CPU = Release|Any CPU
	EndGlobalSection
	GlobalSection(ProjectConfigurationPlatforms) = postSolution
		{FC577E6A-E5A2-4CEF-937E-3E6B6A3CDB54}.Debug|Any CPU.ActiveCfg = Debug|Any CPU
		{FC577E6A-E5A2-4CEF-937E-3E6B6A3CDB54}.Debug|Any CPU.Build.0 = Debug|Any CPU
		{FC577E6A-E5A2-4CEF-937E-3E6B6A3CDB54}.Release|Any CPU.ActiveCfg = Release|Any CPU
		{FC577E6A-E5A2-4CEF-937E-3E6B6A3CDB54}.Release|Any CPU.Build.0 = Release|Any CPU
	EndGlobalSection
	GlobalSection(SolutionProperties) = preSolution
		HideSolutionNode = FALSE
	EndGlobalSection
	GlobalSection(ExtensibilityGlobals) = postSolution
		SolutionGuid = {EA04B52C-D60D-46D2-B641-7BCBF00FABCA}
	EndGlobalSection
EndGlobal
