
Microsoft Visual Studio Solution File, Format Version 12.00
# Visual Studio Version 17
VisualStudioVersion = 17.1.32421.90
MinimumVisualStudioVersion = 10.0.40219.1
Project("{8BC9CEB8-8B4A-11D0-8D11-00A0C91BC942}") = "Variant 12", "Variant 12.vcxproj", "{B018995B-C1E2-4F93-BB85-9B016E80872F}"
EndProject
Global
	GlobalSection(SolutionConfigurationPlatforms) = preSolution
		Debug|x64 = Debug|x64
		Debug|x86 = Debug|x86
		Release|x64 = Release|x64
		Release|x86 = Release|x86
	EndGlobalSection
	GlobalSection(ProjectConfigurationPlatforms) = postSolution
		{B018995B-C1E2-4F93-BB85-9B016E80872F}.Debug|x64.ActiveCfg = Debug|x64
		{B018995B-C1E2-4F93-BB85-9B016E80872F}.Debug|x64.Build.0 = Debug|x64
		{B018995B-C1E2-4F93-BB85-9B016E80872F}.Debug|x86.ActiveCfg = Debug|Win32
		{B018995B-C1E2-4F93-BB85-9B016E80872F}.Debug|x86.Build.0 = Debug|Win32
		{B018995B-C1E2-4F93-BB85-9B016E80872F}.Release|x64.ActiveCfg = Release|x64
		{B018995B-C1E2-4F93-BB85-9B016E80872F}.Release|x64.Build.0 = Release|x64
		{B018995B-C1E2-4F93-BB85-9B016E80872F}.Release|x86.ActiveCfg = Release|Win32
		{B018995B-C1E2-4F93-BB85-9B016E80872F}.Release|x86.Build.0 = Release|Win32
	EndGlobalSection
	GlobalSection(SolutionProperties) = preSolution
		HideSolutionNode = FALSE
	EndGlobalSection
	GlobalSection(ExtensibilityGlobals) = postSolution
		SolutionGuid = {52F69E57-3022-49D5-8A66-60C04A5A84D9}
	EndGlobalSection
EndGlobal
